
Microsoft Visual Studio Solution File, Format Version 12.00
# Visual Studio Version 17
VisualStudioVersion = 17.3.32901.215
MinimumVisualStudioVersion = 10.0.40219.1
Project("{9A19103F-16F7-4668-BE54-9A1E7A4F7556}") = "Innab", "Innab\Innab.csproj", "{DA6D4C2A-F463-4F39-A807-57B0B4AFA6D2}"
EndProject
Global
	GlobalSection(SolutionConfigurationPlatforms) = preSolution
		Debug|Any CPU = Debug|Any CPU
		Release|Any CPU = Release|Any CPU
	EndGlobalSection
	GlobalSection(ProjectConfigurationPlatforms) = postSolution
		{DA6D4C2A-F463-4F39-A807-57B0B4AFA6D2}.Debug|Any CPU.ActiveCfg = Debug|Any CPU
		{DA6D4C2A-F463-4F39-A807-57B0B4AFA6D2}.Debug|Any CPU.Build.0 = Debug|Any CPU
		{DA6D4C2A-F463-4F39-A807-57B0B4AFA6D2}.Release|Any CPU.ActiveCfg = Release|Any CPU
		{DA6D4C2A-F463-4F39-A807-57B0B4AFA6D2}.Release|Any CPU.Build.0 = Release|Any CPU
	EndGlobalSection
	GlobalSection(SolutionProperties) = preSolution
		HideSolutionNode = FALSE
	EndGlobalSection
	GlobalSection(ExtensibilityGlobals) = postSolution
		SolutionGuid = {22B16392-676E-4CC1-A4AD-7DBAFA55B5D2}
	EndGlobalSection
EndGlobal
