
Microsoft Visual Studio Solution File, Format Version 12.00
# Visual Studio Version 17
VisualStudioVersion = 17.3.32901.215
MinimumVisualStudioVersion = 10.0.40219.1
Project("{FAE04EC0-301F-11D3-BF4B-00C04F79EFBC}") = "EduTech2", "EduTech2\EduTech2.csproj", "{6F54717F-881B-404F-A161-41D0BB43556B}"
EndProject
Global
	GlobalSection(SolutionConfigurationPlatforms) = preSolution
		Debug|Any CPU = Debug|Any CPU
		Release|Any CPU = Release|Any CPU
	EndGlobalSection
	GlobalSection(ProjectConfigurationPlatforms) = postSolution
		{6F54717F-881B-404F-A161-41D0BB43556B}.Debug|Any CPU.ActiveCfg = Debug|Any CPU
		{6F54717F-881B-404F-A161-41D0BB43556B}.Debug|Any CPU.Build.0 = Debug|Any CPU
		{6F54717F-881B-404F-A161-41D0BB43556B}.Release|Any CPU.ActiveCfg = Release|Any CPU
		{6F54717F-881B-404F-A161-41D0BB43556B}.Release|Any CPU.Build.0 = Release|Any CPU
	EndGlobalSection
	GlobalSection(SolutionProperties) = preSolution
		HideSolutionNode = FALSE
	EndGlobalSection
	GlobalSection(ExtensibilityGlobals) = postSolution
		SolutionGuid = {10F59707-ACDD-452A-991F-DF5C6A5ED43C}
	EndGlobalSection
EndGlobal
